
Microsoft Visual Studio Solution File, Format Version 12.00
# Visual Studio Version 17
VisualStudioVersion = 17.0.31815.197
MinimumVisualStudioVersion = 10.0.40219.1
Project("{9A19103F-16F7-4668-BE54-9A1E7A4F7556}") = "Zmachine.Workings", "Zmachine.Workings\Zmachine.Workings.csproj", "{E0BF048B-0DB6-4677-A1F7-7AA35173C7D4}"
EndProject
Project("{9A19103F-16F7-4668-BE54-9A1E7A4F7556}") = "ScratchPad", "ScratchPad\ScratchPad.csproj", "{19D383FC-CF21-4993-8D4C-E37E2CC8C0F1}"
EndProject
Project("{2150E333-8FDC-42A3-9474-1A3956D46DE8}") = "Docs", "Docs", "{73EE392D-1766-4583-AA07-120ADBAB5A97}"
	ProjectSection(SolutionItems) = preProject
		..\ASCII Character Codes CheatSheet.html = ..\ASCII Character Codes CheatSheet.html
		..\..\Users\PaulLawrence\Downloads\ASCII-Conversion-Chart.pdf = ..\..\Users\PaulLawrence\Downloads\ASCII-Conversion-Chart.pdf
		DM4.pdf = DM4.pdf
		IBG.pdf = IBG.pdf
		..\..\Users\PclAdmin\Documents\Misc\z-spec11.docx = ..\..\Users\PclAdmin\Documents\Misc\z-spec11.docx
		z-spec11.pdf = z-spec11.pdf
		zmach06e.pdf = zmach06e.pdf
	EndProjectSection
EndProject
Project("{9A19103F-16F7-4668-BE54-9A1E7A4F7556}") = "Zmachine.V2", "Zmachine.V2\Zmachine.V2.csproj", "{C21B3AF1-8124-4A40-9D81-F072306DAC25}"
EndProject
Project("{9A19103F-16F7-4668-BE54-9A1E7A4F7556}") = "Zmachine.v3", "Zmachine.v3\Zmachine.v3.csproj", "{7C22ADAF-53C6-4685-A571-865348FF5FF5}"
EndProject
Project("{2150E333-8FDC-42A3-9474-1A3956D46DE8}") = "Library", "Library", "{571C2F25-E543-40F1-9B9D-6460BAD42572}"
EndProject
Project("{9A19103F-16F7-4668-BE54-9A1E7A4F7556}") = "ZMachine.Library.V1", "ZMachine.Library.V1\ZMachine.Library.V1.csproj", "{B7F60677-8B03-4EEB-A9B8-46531261D84A}"
EndProject
Project("{9A19103F-16F7-4668-BE54-9A1E7A4F7556}") = "ZMachine.V4", "ZMachine.V4\ZMachine.V4.csproj", "{418D4F84-04C9-4521-B41A-970D219739F9}"
EndProject
Project("{9A19103F-16F7-4668-BE54-9A1E7A4F7556}") = "ZMachineTools", "ZMachineTools\ZMachineTools.csproj", "{2437E795-B800-45E0-B36C-A622B12ED846}"
EndProject
Project("{2150E333-8FDC-42A3-9474-1A3956D46DE8}") = "OLD", "OLD", "{C47B4E5C-5578-4C1F-B8F1-364F7481AC2A}"
EndProject
Project("{FAE04EC0-301F-11D3-BF4B-00C04F79EFBC}") = "Zmachine.Tests", "Zmachine.Tests\Zmachine.Tests.csproj", "{06C91A4C-F2B9-4C57-9A4C-6F8A62365A66}"
EndProject
Global
	GlobalSection(SolutionConfigurationPlatforms) = preSolution
		Debug|Any CPU = Debug|Any CPU
		Release|Any CPU = Release|Any CPU
	EndGlobalSection
	GlobalSection(ProjectConfigurationPlatforms) = postSolution
		{E0BF048B-0DB6-4677-A1F7-7AA35173C7D4}.Debug|Any CPU.ActiveCfg = Debug|Any CPU
		{E0BF048B-0DB6-4677-A1F7-7AA35173C7D4}.Debug|Any CPU.Build.0 = Debug|Any CPU
		{E0BF048B-0DB6-4677-A1F7-7AA35173C7D4}.Release|Any CPU.ActiveCfg = Release|Any CPU
		{E0BF048B-0DB6-4677-A1F7-7AA35173C7D4}.Release|Any CPU.Build.0 = Release|Any CPU
		{19D383FC-CF21-4993-8D4C-E37E2CC8C0F1}.Debug|Any CPU.ActiveCfg = Debug|Any CPU
		{19D383FC-CF21-4993-8D4C-E37E2CC8C0F1}.Debug|Any CPU.Build.0 = Debug|Any CPU
		{19D383FC-CF21-4993-8D4C-E37E2CC8C0F1}.Release|Any CPU.ActiveCfg = Release|Any CPU
		{19D383FC-CF21-4993-8D4C-E37E2CC8C0F1}.Release|Any CPU.Build.0 = Release|Any CPU
		{C21B3AF1-8124-4A40-9D81-F072306DAC25}.Debug|Any CPU.ActiveCfg = Debug|Any CPU
		{C21B3AF1-8124-4A40-9D81-F072306DAC25}.Debug|Any CPU.Build.0 = Debug|Any CPU
		{C21B3AF1-8124-4A40-9D81-F072306DAC25}.Release|Any CPU.ActiveCfg = Release|Any CPU
		{C21B3AF1-8124-4A40-9D81-F072306DAC25}.Release|Any CPU.Build.0 = Release|Any CPU
		{7C22ADAF-53C6-4685-A571-865348FF5FF5}.Debug|Any CPU.ActiveCfg = Debug|Any CPU
		{7C22ADAF-53C6-4685-A571-865348FF5FF5}.Debug|Any CPU.Build.0 = Debug|Any CPU
		{7C22ADAF-53C6-4685-A571-865348FF5FF5}.Release|Any CPU.ActiveCfg = Release|Any CPU
		{7C22ADAF-53C6-4685-A571-865348FF5FF5}.Release|Any CPU.Build.0 = Release|Any CPU
		{B7F60677-8B03-4EEB-A9B8-46531261D84A}.Debug|Any CPU.ActiveCfg = Debug|Any CPU
		{B7F60677-8B03-4EEB-A9B8-46531261D84A}.Debug|Any CPU.Build.0 = Debug|Any CPU
		{B7F60677-8B03-4EEB-A9B8-46531261D84A}.Release|Any CPU.ActiveCfg = Release|Any CPU
		{B7F60677-8B03-4EEB-A9B8-46531261D84A}.Release|Any CPU.Build.0 = Release|Any CPU
		{418D4F84-04C9-4521-B41A-970D219739F9}.Debug|Any CPU.ActiveCfg = Debug|Any CPU
		{418D4F84-04C9-4521-B41A-970D219739F9}.Debug|Any CPU.Build.0 = Debug|Any CPU
		{418D4F84-04C9-4521-B41A-970D219739F9}.Release|Any CPU.ActiveCfg = Release|Any CPU
		{418D4F84-04C9-4521-B41A-970D219739F9}.Release|Any CPU.Build.0 = Release|Any CPU
		{2437E795-B800-45E0-B36C-A622B12ED846}.Debug|Any CPU.ActiveCfg = Debug|Any CPU
		{2437E795-B800-45E0-B36C-A622B12ED846}.Debug|Any CPU.Build.0 = Debug|Any CPU
		{2437E795-B800-45E0-B36C-A622B12ED846}.Release|Any CPU.ActiveCfg = Release|Any CPU
		{2437E795-B800-45E0-B36C-A622B12ED846}.Release|Any CPU.Build.0 = Release|Any CPU
		{06C91A4C-F2B9-4C57-9A4C-6F8A62365A66}.Debug|Any CPU.ActiveCfg = Debug|Any CPU
		{06C91A4C-F2B9-4C57-9A4C-6F8A62365A66}.Debug|Any CPU.Build.0 = Debug|Any CPU
		{06C91A4C-F2B9-4C57-9A4C-6F8A62365A66}.Release|Any CPU.ActiveCfg = Release|Any CPU
		{06C91A4C-F2B9-4C57-9A4C-6F8A62365A66}.Release|Any CPU.Build.0 = Release|Any CPU
	EndGlobalSection
	GlobalSection(SolutionProperties) = preSolution
		HideSolutionNode = FALSE
	EndGlobalSection
	GlobalSection(NestedProjects) = preSolution
		{E0BF048B-0DB6-4677-A1F7-7AA35173C7D4} = {C47B4E5C-5578-4C1F-B8F1-364F7481AC2A}
		{C21B3AF1-8124-4A40-9D81-F072306DAC25} = {C47B4E5C-5578-4C1F-B8F1-364F7481AC2A}
		{7C22ADAF-53C6-4685-A571-865348FF5FF5} = {C47B4E5C-5578-4C1F-B8F1-364F7481AC2A}
		{B7F60677-8B03-4EEB-A9B8-46531261D84A} = {571C2F25-E543-40F1-9B9D-6460BAD42572}
	EndGlobalSection
	GlobalSection(ExtensibilityGlobals) = postSolution
		SolutionGuid = {79F35DB5-922E-4122-90F4-121C5AE6ED68}
	EndGlobalSection
EndGlobal
